// !$*UTF8*$!
{
	archiveVersion = 1;
	classes = {
	};
	objectVersion = 46;
	objects = {

/* Begin PBXBuildFile section */
		C1644FDD1DFD22BB00EE7BD5 /* custom.cpp in Sources */ = {isa = PBXBuildFile; fileRef = C1644FDB1DFD22BB00EE7BD5 /* custom.cpp */; };
		C19244591DFD487D0074441A /* Algorithm.cpp in Sources */ = {isa = PBXBuildFile; fileRef = C19244571DFD487D0074441A /* Algorithm.cpp */; };
		C1BFBA1B1DFB9CBF001056C2 /* main.cpp in Sources */ = {isa = PBXBuildFile; fileRef = C1BFBA1A1DFB9CBF001056C2 /* main.cpp */; };
/* End PBXBuildFile section */

/* Begin PBXCopyFilesBuildPhase section */
		C1BFBA151DFB9CBF001056C2 /* CopyFiles */ = {
			isa = PBXCopyFilesBuildPhase;
			buildActionMask = 2147483647;
			dstPath = /usr/share/man/man1/;
			dstSubfolderSpec = 0;
			files = (
			);
			runOnlyForDeploymentPostprocessing = 1;
		};
/* End PBXCopyFilesBuildPhase section */

/* Begin PBXFileReference section */
		C1644FDB1DFD22BB00EE7BD5 /* custom.cpp */ = {isa = PBXFileReference; fileEncoding = 4; lastKnownFileType = sourcecode.cpp.cpp; path = custom.cpp; sourceTree = "<group>"; };
		C1644FDC1DFD22BB00EE7BD5 /* custom.hpp */ = {isa = PBXFileReference; fileEncoding = 4; lastKnownFileType = sourcecode.cpp.h; path = custom.hpp; sourceTree = "<group>"; };
		C19244571DFD487D0074441A /* Algorithm.cpp */ = {isa = PBXFileReference; fileEncoding = 4; lastKnownFileType = sourcecode.cpp.cpp; path = Algorithm.cpp; sourceTree = "<group>"; };
		C19244581DFD487D0074441A /* Algorithm.hpp */ = {isa = PBXFileReference; fileEncoding = 4; lastKnownFileType = sourcecode.cpp.h; path = Algorithm.hpp; sourceTree = "<group>"; };
		C1BFBA171DFB9CBF001056C2 /* C++Learning */ = {isa = PBXFileReference; explicitFileType = "compiled.mach-o.executable"; includeInIndex = 0; path = "C++Learning"; sourceTree = BUILT_PRODUCTS_DIR; };
		C1BFBA1A1DFB9CBF001056C2 /* main.cpp */ = {isa = PBXFileReference; lastKnownFileType = sourcecode.cpp.cpp; path = main.cpp; sourceTree = "<group>"; };
/* End PBXFileReference section */

/* Begin PBXFrameworksBuildPhase section */
		C1BFBA141DFB9CBF001056C2 /* Frameworks */ = {
			isa = PBXFrameworksBuildPhase;
			buildActionMask = 2147483647;
			files = (
			);
			runOnlyForDeploymentPostprocessing = 0;
		};
/* End PBXFrameworksBuildPhase section */

/* Begin PBXGroup section */
		C1BFBA0E1DFB9CBF001056C2 = {
			isa = PBXGroup;
			children = (
				C1BFBA191DFB9CBF001056C2 /* C++Learning */,
				C1BFBA181DFB9CBF001056C2 /* Products */,
			);
			sourceTree = "<group>";
		};
		C1BFBA181DFB9CBF001056C2 /* Products */ = {
			isa = PBXGroup;
			children = (
				C1BFBA171DFB9CBF001056C2 /* C++Learning */,
			);
			name = Products;
			sourceTree = "<group>";
		};
		C1BFBA191DFB9CBF001056C2 /* C++Learning */ = {
			isa = PBXGroup;
			children = (
				C1BFBA1A1DFB9CBF001056C2 /* main.cpp */,
				C1644FDB1DFD22BB00EE7BD5 /* custom.cpp */,
				C1644FDC1DFD22BB00EE7BD5 /* custom.hpp */,
				C19244571DFD487D0074441A /* Algorithm.cpp */,
				C19244581DFD487D0074441A /* Algorithm.hpp */,
			);
			path = "C++Learning";
			sourceTree = "<group>";
		};
/* End PBXGroup section */

/* Begin PBXNativeTarget section */
		C1BFBA161DFB9CBF001056C2 /* C++Learning */ = {
			isa = PBXNativeTarget;
			buildConfigurationList = C1BFBA1E1DFB9CBF001056C2 /* Build configuration list for PBXNativeTarget "C++Learning" */;
			buildPhases = (
				C1BFBA131DFB9CBF001056C2 /* Sources */,
				C1BFBA141DFB9CBF001056C2 /* Frameworks */,
				C1BFBA151DFB9CBF001056C2 /* CopyFiles */,
			);
			buildRules = (
			);
			dependencies = (
			);
			name = "C++Learning";
			productName = "C++Learning";
			productReference = C1BFBA171DFB9CBF001056C2 /* C++Learning */;
			productType = "com.apple.product-type.tool";
		};
/* End PBXNativeTarget section */

/* Begin PBXProject section */
		C1BFBA0F1DFB9CBF001056C2 /* Project object */ = {
			isa = PBXProject;
			attributes = {
				LastUpgradeCheck = 0810;
				ORGANIZATIONNAME = shenAlexy;
				TargetAttributes = {
					C1BFBA161DFB9CBF001056C2 = {
						CreatedOnToolsVersion = 8.1;
						ProvisioningStyle = Automatic;
					};
				};
			};
			buildConfigurationList = C1BFBA121DFB9CBF001056C2 /* Build configuration list for PBXProject "C++Learning" */;
			compatibilityVersion = "Xcode 3.2";
			developmentRegion = English;
			hasScannedForEncodings = 0;
			knownRegions = (
				en,
			);
			mainGroup = C1BFBA0E1DFB9CBF001056C2;
			productRefGroup = C1BFBA181DFB9CBF001056C2 /* Products */;
			projectDirPath = "";
			projectRoot = "";
			targets = (
				C1BFBA161DFB9CBF001056C2 /* C++Learning */,
			);
		};
/* End PBXProject section */

/* Begin PBXSourcesBuildPhase section */
		C1BFBA131DFB9CBF001056C2 /* Sources */ = {
			isa = PBXSourcesBuildPhase;
			buildActionMask = 2147483647;
			files = (
				C1644FDD1DFD22BB00EE7BD5 /* custom.cpp in Sources */,
				C19244591DFD487D0074441A /* Algorithm.cpp in Sources */,
				C1BFBA1B1DFB9CBF001056C2 /* main.cpp in Sources */,
			);
			runOnlyForDeploymentPostprocessing = 0;
		};
/* End PBXSourcesBuildPhase section */

/* Begin XCBuildConfiguration section */
		C1BFBA1C1DFB9CBF001056C2 /* Debug */ = {
			isa = XCBuildConfiguration;
			buildSettings = {
				ALWAYS_SEARCH_USER_PATHS = NO;
				CLANG_ANALYZER_NONNULL = YES;
				CLANG_CXX_LANGUAGE_STANDARD = "gnu++0x";
				CLANG_CXX_LIBRARY = "libc++";
				CLANG_ENABLE_MODULES = YES;
				CLANG_ENABLE_OBJC_ARC = YES;
				CLANG_WARN_BOOL_CONVERSION = YES;
				CLANG_WARN_CONSTANT_CONVERSION = YES;
				CLANG_WARN_DIRECT_OBJC_ISA_USAGE = YES_ERROR;
				CLANG_WARN_DOCUMENTATION_COMMENTS = YES;
				CLANG_WARN_EMPTY_BODY = YES;
				CLANG_WARN_ENUM_CONVERSION = YES;
				CLANG_WARN_INFINITE_RECURSION = YES;
				CLANG_WARN_INT_CONVERSION = YES;
				CLANG_WARN_OBJC_ROOT_CLASS = YES_ERROR;
				CLANG_WARN_SUSPICIOUS_MOVES = YES;
				CLANG_WARN_UNREACHABLE_CODE = YES;
				CLANG_WARN__DUPLICATE_METHOD_MATCH = YES;
				CODE_SIGN_IDENTITY = "-";
				COPY_PHASE_STRIP = NO;
				DEBUG_INFORMATION_FORMAT = dwarf;
				ENABLE_STRICT_OBJC_MSGSEND = YES;
				ENABLE_TESTABILITY = YES;
				GCC_C_LANGUAGE_STANDARD = gnu99;
				GCC_DYNAMIC_NO_PIC = NO;
				GCC_NO_COMMON_BLOCKS = YES;
				GCC_OPTIMIZATION_LEVEL = 0;
				GCC_PREPROCESSOR_DEFINITIONS = (
					"DEBUG=1",
					"$(inherited)",
				);
				GCC_WARN_64_TO_32_BIT_CONVERSION = YES;
				GCC_WARN_ABOUT_RETURN_TYPE = YES_ERROR;
				GCC_WARN_UNDECLARED_SELECTOR = YES;
				GCC_WARN_UNINITIALIZED_AUTOS = YES_AGGRESSIVE;
				GCC_WARN_UNUSED_FUNCTION = YES;
				GCC_WARN_UNUSED_VARIABLE = YES;
				MACOSX_DEPLOYMENT_TARGET = 10.11;
				MTL_ENABLE_DEBUG_INFO = YES;
				ONLY_ACTIVE_ARCH = YES;
				SDKROOT = macosx;
			};
			name = Debug;
		};
		C1BFBA1D1DFB9CBF001056C2 /* Release */ = {
			isa = XCBuildConfiguration;
			buildSettings = {
				ALWAYS_SEARCH_USER_PATHS = NO;
				CLANG_ANALYZER_NONNULL = YES;
				CLANG_CXX_LANGUAGE_STANDARD = "gnu++0x";
				CLANG_CXX_LIBRARY = "libc++";
				CLANG_ENABLE_MODULES = YES;
				CLANG_ENABLE_OBJC_ARC = YES;
				CLANG_WARN_BOOL_CONVERSION = YES;
				CLANG_WARN_CONSTANT_CONVERSION = YES;
				CLANG_WARN_DIRECT_OBJC_ISA_USAGE = YES_ERROR;
				CLANG_WARN_DOCUMENTATION_COMMENTS = YES;
				CLANG_WARN_EMPTY_BODY = YES;
				CLANG_WARN_ENUM_CONVERSION = YES;
				CLANG_WARN_INFINITE_RECURSION = YES;
				CLANG_WARN_INT_CONVERSION = YES;
				CLANG_WARN_OBJC_ROOT_CLASS = YES_ERROR;
				CLANG_WARN_SUSPICIOUS_MOVES = YES;
				CLANG_WARN_UNREACHABLE_CODE = YES;
				CLANG_WARN__DUPLICATE_METHOD_MATCH = YES;
				CODE_SIGN_IDENTITY = "-";
				COPY_PHASE_STRIP = NO;
				DEBUG_INFORMATION_FORMAT = "dwarf-with-dsym";
				ENABLE_NS_ASSERTIONS = NO;
				ENABLE_STRICT_OBJC_MSGSEND = YES;
				GCC_C_LANGUAGE_STANDARD = gnu99;
				GCC_NO_COMMON_BLOCKS = YES;
				GCC_WARN_64_TO_32_BIT_CONVERSION = YES;
				GCC_WARN_ABOUT_RETURN_TYPE = YES_ERROR;
				GCC_WARN_UNDECLARED_SELECTOR = YES;
				GCC_WARN_UNINITIALIZED_AUTOS = YES_AGGRESSIVE;
				GCC_WARN_UNUSED_FUNCTION = YES;
				GCC_WARN_UNUSED_VARIABLE = YES;
				MACOSX_DEPLOYMENT_TARGET = 10.11;
				MTL_ENABLE_DEBUG_INFO = NO;
				SDKROOT = macosx;
			};
			name = Release;
		};
		C1BFBA1F1DFB9CBF001056C2 /* Debug */ = {
			isa = XCBuildConfiguration;
			buildSettings = {
				GCC_INPUT_FILETYPE = automatic;
				PRODUCT_NAME = "$(TARGET_NAME)";
			};
			name = Debug;
		};
		C1BFBA201DFB9CBF001056C2 /* Release */ = {
			isa = XCBuildConfiguration;
			buildSettings = {
				GCC_INPUT_FILETYPE = automatic;
				PRODUCT_NAME = "$(TARGET_NAME)";
			};
			name = Release;
		};
/* End XCBuildConfiguration section */

/* Begin XCConfigurationList section */
		C1BFBA121DFB9CBF001056C2 /* Build configuration list for PBXProject "C++Learning" */ = {
			isa = XCConfigurationList;
			buildConfigurations = (
				C1BFBA1C1DFB9CBF001056C2 /* Debug */,
				C1BFBA1D1DFB9CBF001056C2 /* Release */,
			);
			defaultConfigurationIsVisible = 0;
			defaultConfigurationName = Release;
		};
		C1BFBA1E1DFB9CBF001056C2 /* Build configuration list for PBXNativeTarget "C++Learning" */ = {
			isa = XCConfigurationList;
			buildConfigurations = (
				C1BFBA1F1DFB9CBF001056C2 /* Debug */,
				C1BFBA201DFB9CBF001056C2 /* Release */,
			);
			defaultConfigurationIsVisible = 0;
			defaultConfigurationName = Release;
		};
/* End XCConfigurationList section */
	};
	rootObject = C1BFBA0F1DFB9CBF001056C2 /* Project object */;
}
